
Microsoft Visual Studio Solution File, Format Version 12.00
Project("{FAE04EC0-301F-11D3-BF4B-00C04F79EFBC}") = "LatexProcessing2", "LatexProcessing2\LatexProcessing2.csproj", "{D5EF5542-E902-4BDD-BEFD-2FFE3F10EF2F}"
EndProject
Project("{FAE04EC0-301F-11D3-BF4B-00C04F79EFBC}") = "UnitTesting", "UnitTesting\UnitTesting.csproj", "{6D709B86-C505-486B-80FD-62E0EB35B431}"
EndProject
Global
	GlobalSection(SolutionConfigurationPlatforms) = preSolution
		Debug|Any CPU = Debug|Any CPU
		Release|Any CPU = Release|Any CPU
	EndGlobalSection
	GlobalSection(ProjectConfigurationPlatforms) = postSolution
		{D5EF5542-E902-4BDD-BEFD-2FFE3F10EF2F}.Debug|Any CPU.ActiveCfg = Debug|Any CPU
		{D5EF5542-E902-4BDD-BEFD-2FFE3F10EF2F}.Debug|Any CPU.Build.0 = Debug|Any CPU
		{D5EF5542-E902-4BDD-BEFD-2FFE3F10EF2F}.Release|Any CPU.ActiveCfg = Release|Any CPU
		{D5EF5542-E902-4BDD-BEFD-2FFE3F10EF2F}.Release|Any CPU.Build.0 = Release|Any CPU
		{6D709B86-C505-486B-80FD-62E0EB35B431}.Debug|Any CPU.ActiveCfg = Debug|Any CPU
		{6D709B86-C505-486B-80FD-62E0EB35B431}.Debug|Any CPU.Build.0 = Debug|Any CPU
		{6D709B86-C505-486B-80FD-62E0EB35B431}.Release|Any CPU.ActiveCfg = Release|Any CPU
		{6D709B86-C505-486B-80FD-62E0EB35B431}.Release|Any CPU.Build.0 = Release|Any CPU
	EndGlobalSection
EndGlobal
